// !$*UTF8*$!
{
	archiveVersion = 1;
	classes = {
	};
	objectVersion = 50;
	objects = {

/* Begin PBXBuildFile section */
		631FD694B2DD2EF6DB38D48D /* Pods_HitTheTree.framework in Frameworks */ = {isa = PBXBuildFile; fileRef = 1CA2D266DB2E4835D1BAEBBA /* Pods_HitTheTree.framework */; };
		783149CF21CBE4FA00C3D254 /* NewCloudsManager.swift in Sources */ = {isa = PBXBuildFile; fileRef = 783149C921CBE4FA00C3D254 /* NewCloudsManager.swift */; };
		783149D021CBE4FA00C3D254 /* RockManager.swift in Sources */ = {isa = PBXBuildFile; fileRef = 783149CA21CBE4FA00C3D254 /* RockManager.swift */; };
		783149D121CBE4FA00C3D254 /* TreesManager.swift in Sources */ = {isa = PBXBuildFile; fileRef = 783149CB21CBE4FA00C3D254 /* TreesManager.swift */; };
		783149D221CBE4FA00C3D254 /* NewGameController.swift in Sources */ = {isa = PBXBuildFile; fileRef = 783149CC21CBE4FA00C3D254 /* NewGameController.swift */; };
		783149D321CBE4FA00C3D254 /* Missle.swift in Sources */ = {isa = PBXBuildFile; fileRef = 783149CD21CBE4FA00C3D254 /* Missle.swift */; };
		783149D421CBE4FA00C3D254 /* MainScene.swift in Sources */ = {isa = PBXBuildFile; fileRef = 783149CE21CBE4FA00C3D254 /* MainScene.swift */; };
		788562FF2198717F002D47FE /* AppDelegate.swift in Sources */ = {isa = PBXBuildFile; fileRef = 788562FE2198717F002D47FE /* AppDelegate.swift */; };
		788563032198717F002D47FE /* GameViewController.swift in Sources */ = {isa = PBXBuildFile; fileRef = 788563022198717F002D47FE /* GameViewController.swift */; };
		788563062198717F002D47FE /* Main.storyboard in Resources */ = {isa = PBXBuildFile; fileRef = 788563042198717F002D47FE /* Main.storyboard */; };
		7885630B21987180002D47FE /* LaunchScreen.storyboard in Resources */ = {isa = PBXBuildFile; fileRef = 7885630921987180002D47FE /* LaunchScreen.storyboard */; };
		7885631621987181002D47FE /* HitTheTreeTests.swift in Sources */ = {isa = PBXBuildFile; fileRef = 7885631521987181002D47FE /* HitTheTreeTests.swift */; };
		78856321219873DA002D47FE /* art.scnassets in Resources */ = {isa = PBXBuildFile; fileRef = 78856320219873DA002D47FE /* art.scnassets */; };
		78BB1AE621B68E240052C19F /* GrassFloor.swift in Sources */ = {isa = PBXBuildFile; fileRef = 78BB1AE521B68E240052C19F /* GrassFloor.swift */; };
		78BB1AE821B6BAC70052C19F /* HealthBar.swift in Sources */ = {isa = PBXBuildFile; fileRef = 78BB1AE721B6BAC70052C19F /* HealthBar.swift */; };
		78BB1AEA21B6D1FE0052C19F /* ARBullet.swift in Sources */ = {isa = PBXBuildFile; fileRef = 78BB1AE921B6D1FE0052C19F /* ARBullet.swift */; };
		78BB1AEC21B6D2360052C19F /* CollisionCategory.swift in Sources */ = {isa = PBXBuildFile; fileRef = 78BB1AEB21B6D2350052C19F /* CollisionCategory.swift */; };
		78BB1AEE21B6EA700052C19F /* SCNVector3Extension.swift in Sources */ = {isa = PBXBuildFile; fileRef = 78BB1AED21B6EA700052C19F /* SCNVector3Extension.swift */; };
		78BB1AF021B6F5FB0052C19F /* Ghost.swift in Sources */ = {isa = PBXBuildFile; fileRef = 78BB1AEF21B6F5FB0052C19F /* Ghost.swift */; };
		E054187221BEC39500BD7530 /* ChangeNameViewController.swift in Sources */ = {isa = PBXBuildFile; fileRef = E054187121BEC39500BD7530 /* ChangeNameViewController.swift */; };
		E054187421BEE7AA00BD7530 /* RateGameViewController.swift in Sources */ = {isa = PBXBuildFile; fileRef = E054187321BEE7AA00BD7530 /* RateGameViewController.swift */; };
		E06FF0C921C3EEF8002EA3EA /* DataManagerProtocol.swift in Sources */ = {isa = PBXBuildFile; fileRef = E06FF0C821C3EEF8002EA3EA /* DataManagerProtocol.swift */; };
		E06FF0CB21C3EFB8002EA3EA /* FeatureToggleManager.swift in Sources */ = {isa = PBXBuildFile; fileRef = E06FF0CA21C3EFB8002EA3EA /* FeatureToggleManager.swift */; };
		E06FF0CD21C3F01C002EA3EA /* FeatureToggles.plist in Resources */ = {isa = PBXBuildFile; fileRef = E06FF0CC21C3F01C002EA3EA /* FeatureToggles.plist */; };
		E06FF0CF21C3F051002EA3EA /* DataManager.swift in Sources */ = {isa = PBXBuildFile; fileRef = E06FF0CE21C3F051002EA3EA /* DataManager.swift */; };
		E06FF0D121C3F26D002EA3EA /* ChangeName.storyboard in Resources */ = {isa = PBXBuildFile; fileRef = E06FF0D021C3F26D002EA3EA /* ChangeName.storyboard */; };
		E06FF0D321C3F2B1002EA3EA /* Records.storyboard in Resources */ = {isa = PBXBuildFile; fileRef = E06FF0D221C3F2B1002EA3EA /* Records.storyboard */; };
		E06FF0D521C3F2E6002EA3EA /* About.storyboard in Resources */ = {isa = PBXBuildFile; fileRef = E06FF0D421C3F2E6002EA3EA /* About.storyboard */; };
		E0DA940F21B7376D00CE21FC /* UserDefaultsKeys.swift in Sources */ = {isa = PBXBuildFile; fileRef = E0DA940E21B7376D00CE21FC /* UserDefaultsKeys.swift */; };
		E0DA941221B7378300CE21FC /* GameResult.swift in Sources */ = {isa = PBXBuildFile; fileRef = E0DA941121B7378300CE21FC /* GameResult.swift */; };
		E0DA941C21B7378E00CE21FC /* RulesViewController.swift in Sources */ = {isa = PBXBuildFile; fileRef = E0DA941421B7378E00CE21FC /* RulesViewController.swift */; };
		E0DA941D21B7378E00CE21FC /* GameRecordsViewController.swift in Sources */ = {isa = PBXBuildFile; fileRef = E0DA941621B7378E00CE21FC /* GameRecordsViewController.swift */; };
		E0DA941E21B7378E00CE21FC /* GameRecordTableViewCell.swift in Sources */ = {isa = PBXBuildFile; fileRef = E0DA941721B7378E00CE21FC /* GameRecordTableViewCell.swift */; };
		E0DA941F21B7378E00CE21FC /* GameRecordTableViewCell.xib in Resources */ = {isa = PBXBuildFile; fileRef = E0DA941821B7378E00CE21FC /* GameRecordTableViewCell.xib */; };
		E0DA942021B7378E00CE21FC /* GameOverViewController.swift in Sources */ = {isa = PBXBuildFile; fileRef = E0DA941921B7378E00CE21FC /* GameOverViewController.swift */; };
		E0DA942121B7378E00CE21FC /* MenuViewController.swift in Sources */ = {isa = PBXBuildFile; fileRef = E0DA941A21B7378E00CE21FC /* MenuViewController.swift */; };
		E0DA942221B7378E00CE21FC /* SettingsViewController.swift in Sources */ = {isa = PBXBuildFile; fileRef = E0DA941B21B7378E00CE21FC /* SettingsViewController.swift */; };
		E0DA942521B737B400CE21FC /* Menu.storyboard in Resources */ = {isa = PBXBuildFile; fileRef = E0DA942421B737B400CE21FC /* Menu.storyboard */; };
		F0174F9A21B71233009D1908 /* background.mp3 in Resources */ = {isa = PBXBuildFile; fileRef = F0174F9821B71233009D1908 /* background.mp3 */; };
		F0174F9D21B7164E009D1908 /* animalHit.mp3 in Resources */ = {isa = PBXBuildFile; fileRef = F0174F9C21B7164E009D1908 /* animalHit.mp3 */; };
		F0174F9F21B71F9D009D1908 /* backgorund_music.mp3 in Resources */ = {isa = PBXBuildFile; fileRef = F0174F9E21B71F9D009D1908 /* backgorund_music.mp3 */; };
		F0174FA121B725B1009D1908 /* shoot.wav in Resources */ = {isa = PBXBuildFile; fileRef = F0174FA021B725B1009D1908 /* shoot.wav */; };
		F0174FA321B72A25009D1908 /* DeathAction.swift in Sources */ = {isa = PBXBuildFile; fileRef = F0174FA221B72A25009D1908 /* DeathAction.swift */; };
		F0174FA621B74922009D1908 /* cowDead.wav in Resources */ = {isa = PBXBuildFile; fileRef = F0174FA421B74922009D1908 /* cowDead.wav */; };
		F0174FA721B74922009D1908 /* pigDead.wav in Resources */ = {isa = PBXBuildFile; fileRef = F0174FA521B74922009D1908 /* pigDead.wav */; };
		F0174FA921B7A5B1009D1908 /* AnimalMouse.swift in Sources */ = {isa = PBXBuildFile; fileRef = F0174FA821B7A5B1009D1908 /* AnimalMouse.swift */; };
		F0174FAB21B7A5BF009D1908 /* AnimalCat.swift in Sources */ = {isa = PBXBuildFile; fileRef = F0174FAA21B7A5BF009D1908 /* AnimalCat.swift */; };
		F0174FAD21B9BC58009D1908 /* CloudsManager.swift in Sources */ = {isa = PBXBuildFile; fileRef = F0174FAC21B9BC58009D1908 /* CloudsManager.swift */; };
		F0174FAF21B9EF21009D1908 /* AnimalWavesManager.swift in Sources */ = {isa = PBXBuildFile; fileRef = F0174FAE21B9EF21009D1908 /* AnimalWavesManager.swift */; };
		F06C124D21B5CF170061C4E4 /* AnimalPig.swift in Sources */ = {isa = PBXBuildFile; fileRef = F06C124C21B5CF170061C4E4 /* AnimalPig.swift */; };
		F06C124F21B5EAB30061C4E4 /* AnimalCow.swift in Sources */ = {isa = PBXBuildFile; fileRef = F06C124E21B5EAB30061C4E4 /* AnimalCow.swift */; };
		F06C125121B6598D0061C4E4 /* Animal.swift in Sources */ = {isa = PBXBuildFile; fileRef = F06C125021B6598D0061C4E4 /* Animal.swift */; };
		F06C12C921B70CD80061C4E4 /* SoundManager.swift in Sources */ = {isa = PBXBuildFile; fileRef = F06C12C821B70CD80061C4E4 /* SoundManager.swift */; };
		F082660F21BF1AE3007E6875 /* LeaderBoardManager.swift in Sources */ = {isa = PBXBuildFile; fileRef = F082660E21BF1AE3007E6875 /* LeaderBoardManager.swift */; };
/* End PBXBuildFile section */

/* Begin PBXContainerItemProxy section */
		7885631221987181002D47FE /* PBXContainerItemProxy */ = {
			isa = PBXContainerItemProxy;
			containerPortal = 788562F32198717F002D47FE /* Project object */;
			proxyType = 1;
			remoteGlobalIDString = 788562FA2198717F002D47FE;
			remoteInfo = HitTheTree;
		};
/* End PBXContainerItemProxy section */

/* Begin PBXFileReference section */
		1CA2D266DB2E4835D1BAEBBA /* Pods_HitTheTree.framework */ = {isa = PBXFileReference; explicitFileType = wrapper.framework; includeInIndex = 0; path = Pods_HitTheTree.framework; sourceTree = BUILT_PRODUCTS_DIR; };
		2F126C41A457B5E4C2323250 /* Pods_HitTheTreeTests.framework */ = {isa = PBXFileReference; explicitFileType = wrapper.framework; includeInIndex = 0; path = Pods_HitTheTreeTests.framework; sourceTree = BUILT_PRODUCTS_DIR; };
		783149C921CBE4FA00C3D254 /* NewCloudsManager.swift */ = {isa = PBXFileReference; fileEncoding = 4; lastKnownFileType = sourcecode.swift; path = NewCloudsManager.swift; sourceTree = "<group>"; };
		783149CA21CBE4FA00C3D254 /* RockManager.swift */ = {isa = PBXFileReference; fileEncoding = 4; lastKnownFileType = sourcecode.swift; path = RockManager.swift; sourceTree = "<group>"; };
		783149CB21CBE4FA00C3D254 /* TreesManager.swift */ = {isa = PBXFileReference; fileEncoding = 4; lastKnownFileType = sourcecode.swift; path = TreesManager.swift; sourceTree = "<group>"; };
		783149CC21CBE4FA00C3D254 /* NewGameController.swift */ = {isa = PBXFileReference; fileEncoding = 4; lastKnownFileType = sourcecode.swift; path = NewGameController.swift; sourceTree = "<group>"; };
		783149CD21CBE4FA00C3D254 /* Missle.swift */ = {isa = PBXFileReference; fileEncoding = 4; lastKnownFileType = sourcecode.swift; path = Missle.swift; sourceTree = "<group>"; };
		783149CE21CBE4FA00C3D254 /* MainScene.swift */ = {isa = PBXFileReference; fileEncoding = 4; lastKnownFileType = sourcecode.swift; path = MainScene.swift; sourceTree = "<group>"; };
		788562FB2198717F002D47FE /* HitTheTree.app */ = {isa = PBXFileReference; explicitFileType = wrapper.application; includeInIndex = 0; path = HitTheTree.app; sourceTree = BUILT_PRODUCTS_DIR; };
		788562FE2198717F002D47FE /* AppDelegate.swift */ = {isa = PBXFileReference; lastKnownFileType = sourcecode.swift; path = AppDelegate.swift; sourceTree = "<group>"; };
		788563022198717F002D47FE /* GameViewController.swift */ = {isa = PBXFileReference; lastKnownFileType = sourcecode.swift; path = GameViewController.swift; sourceTree = "<group>"; };
		788563052198717F002D47FE /* Base */ = {isa = PBXFileReference; lastKnownFileType = file.storyboard; name = Base; path = Base.lproj/Main.storyboard; sourceTree = "<group>"; };
		7885630A21987180002D47FE /* Base */ = {isa = PBXFileReference; lastKnownFileType = file.storyboard; name = Base; path = Base.lproj/LaunchScreen.storyboard; sourceTree = "<group>"; };
		7885630C21987180002D47FE /* Info.plist */ = {isa = PBXFileReference; lastKnownFileType = text.plist.xml; path = Info.plist; sourceTree = "<group>"; };
		7885631121987181002D47FE /* HitTheTreeTests.xctest */ = {isa = PBXFileReference; explicitFileType = wrapper.cfbundle; includeInIndex = 0; path = HitTheTreeTests.xctest; sourceTree = BUILT_PRODUCTS_DIR; };
		7885631521987181002D47FE /* HitTheTreeTests.swift */ = {isa = PBXFileReference; lastKnownFileType = sourcecode.swift; path = HitTheTreeTests.swift; sourceTree = "<group>"; };
		7885631721987181002D47FE /* Info.plist */ = {isa = PBXFileReference; lastKnownFileType = text.plist.xml; path = Info.plist; sourceTree = "<group>"; };
		78856320219873DA002D47FE /* art.scnassets */ = {isa = PBXFileReference; lastKnownFileType = wrapper.scnassets; path = art.scnassets; sourceTree = "<group>"; };
		78BB1AE521B68E240052C19F /* GrassFloor.swift */ = {isa = PBXFileReference; lastKnownFileType = sourcecode.swift; path = GrassFloor.swift; sourceTree = "<group>"; };
		78BB1AE721B6BAC70052C19F /* HealthBar.swift */ = {isa = PBXFileReference; lastKnownFileType = sourcecode.swift; path = HealthBar.swift; sourceTree = "<group>"; };
		78BB1AE921B6D1FE0052C19F /* ARBullet.swift */ = {isa = PBXFileReference; fileEncoding = 4; lastKnownFileType = sourcecode.swift; path = ARBullet.swift; sourceTree = "<group>"; };
		78BB1AEB21B6D2350052C19F /* CollisionCategory.swift */ = {isa = PBXFileReference; fileEncoding = 4; lastKnownFileType = sourcecode.swift; path = CollisionCategory.swift; sourceTree = "<group>"; };
		78BB1AED21B6EA700052C19F /* SCNVector3Extension.swift */ = {isa = PBXFileReference; lastKnownFileType = sourcecode.swift; path = SCNVector3Extension.swift; sourceTree = "<group>"; };
		78BB1AEF21B6F5FB0052C19F /* Ghost.swift */ = {isa = PBXFileReference; lastKnownFileType = sourcecode.swift; path = Ghost.swift; sourceTree = "<group>"; };
		A3EF9B02FA1E35611979E79F /* Pods-HitTheTree.debug.xcconfig */ = {isa = PBXFileReference; includeInIndex = 1; lastKnownFileType = text.xcconfig; name = "Pods-HitTheTree.debug.xcconfig"; path = "Pods/Target Support Files/Pods-HitTheTree/Pods-HitTheTree.debug.xcconfig"; sourceTree = "<group>"; };
		E054187121BEC39500BD7530 /* ChangeNameViewController.swift */ = {isa = PBXFileReference; lastKnownFileType = sourcecode.swift; path = ChangeNameViewController.swift; sourceTree = "<group>"; };
		E054187321BEE7AA00BD7530 /* RateGameViewController.swift */ = {isa = PBXFileReference; lastKnownFileType = sourcecode.swift; path = RateGameViewController.swift; sourceTree = "<group>"; };
		E06FF0C521C3EE29002EA3EA /* Assets.xcassets */ = {isa = PBXFileReference; lastKnownFileType = folder.assetcatalog; path = Assets.xcassets; sourceTree = "<group>"; };
		E06FF0C821C3EEF8002EA3EA /* DataManagerProtocol.swift */ = {isa = PBXFileReference; lastKnownFileType = sourcecode.swift; path = DataManagerProtocol.swift; sourceTree = "<group>"; };
		E06FF0CA21C3EFB8002EA3EA /* FeatureToggleManager.swift */ = {isa = PBXFileReference; lastKnownFileType = sourcecode.swift; path = FeatureToggleManager.swift; sourceTree = "<group>"; };
		E06FF0CC21C3F01C002EA3EA /* FeatureToggles.plist */ = {isa = PBXFileReference; lastKnownFileType = text.plist.xml; path = FeatureToggles.plist; sourceTree = "<group>"; };
		E06FF0CE21C3F051002EA3EA /* DataManager.swift */ = {isa = PBXFileReference; lastKnownFileType = sourcecode.swift; path = DataManager.swift; sourceTree = "<group>"; };
		E06FF0D021C3F26D002EA3EA /* ChangeName.storyboard */ = {isa = PBXFileReference; fileEncoding = 4; lastKnownFileType = file.storyboard; path = ChangeName.storyboard; sourceTree = "<group>"; };
		E06FF0D221C3F2B1002EA3EA /* Records.storyboard */ = {isa = PBXFileReference; fileEncoding = 4; lastKnownFileType = file.storyboard; path = Records.storyboard; sourceTree = "<group>"; };
		E06FF0D421C3F2E6002EA3EA /* About.storyboard */ = {isa = PBXFileReference; fileEncoding = 4; lastKnownFileType = file.storyboard; path = About.storyboard; sourceTree = "<group>"; };
		E0DA940E21B7376D00CE21FC /* UserDefaultsKeys.swift */ = {isa = PBXFileReference; fileEncoding = 4; lastKnownFileType = sourcecode.swift; path = UserDefaultsKeys.swift; sourceTree = "<group>"; };
		E0DA941121B7378300CE21FC /* GameResult.swift */ = {isa = PBXFileReference; fileEncoding = 4; lastKnownFileType = sourcecode.swift; path = GameResult.swift; sourceTree = "<group>"; };
		E0DA941421B7378E00CE21FC /* RulesViewController.swift */ = {isa = PBXFileReference; fileEncoding = 4; lastKnownFileType = sourcecode.swift; path = RulesViewController.swift; sourceTree = "<group>"; };
		E0DA941621B7378E00CE21FC /* GameRecordsViewController.swift */ = {isa = PBXFileReference; fileEncoding = 4; lastKnownFileType = sourcecode.swift; path = GameRecordsViewController.swift; sourceTree = "<group>"; };
		E0DA941721B7378E00CE21FC /* GameRecordTableViewCell.swift */ = {isa = PBXFileReference; fileEncoding = 4; lastKnownFileType = sourcecode.swift; path = GameRecordTableViewCell.swift; sourceTree = "<group>"; };
		E0DA941821B7378E00CE21FC /* GameRecordTableViewCell.xib */ = {isa = PBXFileReference; fileEncoding = 4; lastKnownFileType = file.xib; path = GameRecordTableViewCell.xib; sourceTree = "<group>"; };
		E0DA941921B7378E00CE21FC /* GameOverViewController.swift */ = {isa = PBXFileReference; fileEncoding = 4; lastKnownFileType = sourcecode.swift; path = GameOverViewController.swift; sourceTree = "<group>"; };
		E0DA941A21B7378E00CE21FC /* MenuViewController.swift */ = {isa = PBXFileReference; fileEncoding = 4; lastKnownFileType = sourcecode.swift; path = MenuViewController.swift; sourceTree = "<group>"; };
		E0DA941B21B7378E00CE21FC /* SettingsViewController.swift */ = {isa = PBXFileReference; fileEncoding = 4; lastKnownFileType = sourcecode.swift; path = SettingsViewController.swift; sourceTree = "<group>"; };
		E0DA942421B737B400CE21FC /* Menu.storyboard */ = {isa = PBXFileReference; fileEncoding = 4; lastKnownFileType = file.storyboard; path = Menu.storyboard; sourceTree = "<group>"; };
		F0174F9821B71233009D1908 /* background.mp3 */ = {isa = PBXFileReference; lastKnownFileType = audio.mp3; path = background.mp3; sourceTree = "<group>"; };
		F0174F9C21B7164E009D1908 /* animalHit.mp3 */ = {isa = PBXFileReference; lastKnownFileType = audio.mp3; path = animalHit.mp3; sourceTree = "<group>"; };
		F0174F9E21B71F9D009D1908 /* backgorund_music.mp3 */ = {isa = PBXFileReference; lastKnownFileType = audio.mp3; path = backgorund_music.mp3; sourceTree = "<group>"; };
		F0174FA021B725B1009D1908 /* shoot.wav */ = {isa = PBXFileReference; lastKnownFileType = audio.wav; path = shoot.wav; sourceTree = "<group>"; };
		F0174FA221B72A25009D1908 /* DeathAction.swift */ = {isa = PBXFileReference; lastKnownFileType = sourcecode.swift; path = DeathAction.swift; sourceTree = "<group>"; };
		F0174FA421B74922009D1908 /* cowDead.wav */ = {isa = PBXFileReference; lastKnownFileType = audio.wav; path = cowDead.wav; sourceTree = "<group>"; };
		F0174FA521B74922009D1908 /* pigDead.wav */ = {isa = PBXFileReference; lastKnownFileType = audio.wav; path = pigDead.wav; sourceTree = "<group>"; };
		F0174FA821B7A5B1009D1908 /* AnimalMouse.swift */ = {isa = PBXFileReference; lastKnownFileType = sourcecode.swift; path = AnimalMouse.swift; sourceTree = "<group>"; };
		F0174FAA21B7A5BF009D1908 /* AnimalCat.swift */ = {isa = PBXFileReference; lastKnownFileType = sourcecode.swift; path = AnimalCat.swift; sourceTree = "<group>"; };
		F0174FAC21B9BC58009D1908 /* CloudsManager.swift */ = {isa = PBXFileReference; lastKnownFileType = sourcecode.swift; path = CloudsManager.swift; sourceTree = "<group>"; };
		F0174FAE21B9EF21009D1908 /* AnimalWavesManager.swift */ = {isa = PBXFileReference; lastKnownFileType = sourcecode.swift; path = AnimalWavesManager.swift; sourceTree = "<group>"; };
		F06C124C21B5CF170061C4E4 /* AnimalPig.swift */ = {isa = PBXFileReference; lastKnownFileType = sourcecode.swift; path = AnimalPig.swift; sourceTree = "<group>"; };
		F06C124E21B5EAB30061C4E4 /* AnimalCow.swift */ = {isa = PBXFileReference; lastKnownFileType = sourcecode.swift; path = AnimalCow.swift; sourceTree = "<group>"; };
		F06C125021B6598D0061C4E4 /* Animal.swift */ = {isa = PBXFileReference; lastKnownFileType = sourcecode.swift; path = Animal.swift; sourceTree = "<group>"; };
		F06C12C821B70CD80061C4E4 /* SoundManager.swift */ = {isa = PBXFileReference; lastKnownFileType = sourcecode.swift; path = SoundManager.swift; sourceTree = "<group>"; };
		F082660E21BF1AE3007E6875 /* LeaderBoardManager.swift */ = {isa = PBXFileReference; fileEncoding = 4; lastKnownFileType = sourcecode.swift; path = LeaderBoardManager.swift; sourceTree = "<group>"; };
		F3B4D26127C328619FEA3DD0 /* Pods-HitTheTree.release.xcconfig */ = {isa = PBXFileReference; includeInIndex = 1; lastKnownFileType = text.xcconfig; name = "Pods-HitTheTree.release.xcconfig"; path = "Pods/Target Support Files/Pods-HitTheTree/Pods-HitTheTree.release.xcconfig"; sourceTree = "<group>"; };
/* End PBXFileReference section */

/* Begin PBXFrameworksBuildPhase section */
		788562F82198717F002D47FE /* Frameworks */ = {
			isa = PBXFrameworksBuildPhase;
			buildActionMask = 2147483647;
			files = (
				631FD694B2DD2EF6DB38D48D /* Pods_HitTheTree.framework in Frameworks */,
			);
			runOnlyForDeploymentPostprocessing = 0;
		};
		7885630E21987181002D47FE /* Frameworks */ = {
			isa = PBXFrameworksBuildPhase;
			buildActionMask = 2147483647;
			files = (
			);
			runOnlyForDeploymentPostprocessing = 0;
		};
/* End PBXFrameworksBuildPhase section */

/* Begin PBXGroup section */
		0DE7EE4B721E5D728CC9EC45 /* Pods */ = {
			isa = PBXGroup;
			children = (
				A3EF9B02FA1E35611979E79F /* Pods-HitTheTree.debug.xcconfig */,
				F3B4D26127C328619FEA3DD0 /* Pods-HitTheTree.release.xcconfig */,
			);
			name = Pods;
			sourceTree = "<group>";
		};
		783149C821CBE4FA00C3D254 /* NewGame */ = {
			isa = PBXGroup;
			children = (
				783149C921CBE4FA00C3D254 /* NewCloudsManager.swift */,
				783149CA21CBE4FA00C3D254 /* RockManager.swift */,
				783149CB21CBE4FA00C3D254 /* TreesManager.swift */,
				783149CC21CBE4FA00C3D254 /* NewGameController.swift */,
				783149CD21CBE4FA00C3D254 /* Missle.swift */,
				783149CE21CBE4FA00C3D254 /* MainScene.swift */,
			);
			path = NewGame;
			sourceTree = "<group>";
		};
		788562F22198717F002D47FE = {
			isa = PBXGroup;
			children = (
				788562FD2198717F002D47FE /* HitTheTree */,
				788562FC2198717F002D47FE /* Products */,
				0DE7EE4B721E5D728CC9EC45 /* Pods */,
				BC9F50163F25580280F9D9E1 /* Frameworks */,
			);
			sourceTree = "<group>";
		};
		788562FC2198717F002D47FE /* Products */ = {
			isa = PBXGroup;
			children = (
				788562FB2198717F002D47FE /* HitTheTree.app */,
				7885631121987181002D47FE /* HitTheTreeTests.xctest */,
			);
			name = Products;
			sourceTree = "<group>";
		};
		788562FD2198717F002D47FE /* HitTheTree */ = {
			isa = PBXGroup;
			children = (
				783149C821CBE4FA00C3D254 /* NewGame */,
				E06FF0C421C3EE1A002EA3EA /* Resourses */,
				E06FF0C221C3ED89002EA3EA /* Managers */,
				E0DA942321B7379200CE21FC /* Storyboards */,
				E0DA941321B7378E00CE21FC /* View Controllers */,
				E0DA941021B7378300CE21FC /* Model */,
				E0DA940D21B7375E00CE21FC /* Common */,
				788562FE2198717F002D47FE /* AppDelegate.swift */,
				7885631421987181002D47FE /* HitTheTreeTests */,
			);
			path = HitTheTree;
			sourceTree = "<group>";
		};
		7885631421987181002D47FE /* HitTheTreeTests */ = {
			isa = PBXGroup;
			children = (
				7885631521987181002D47FE /* HitTheTreeTests.swift */,
				7885631721987181002D47FE /* Info.plist */,
			);
			path = HitTheTreeTests;
			sourceTree = "<group>";
		};
		BC9F50163F25580280F9D9E1 /* Frameworks */ = {
			isa = PBXGroup;
			children = (
				1CA2D266DB2E4835D1BAEBBA /* Pods_HitTheTree.framework */,
				2F126C41A457B5E4C2323250 /* Pods_HitTheTreeTests.framework */,
			);
			name = Frameworks;
			sourceTree = "<group>";
		};
		E06FF0C221C3ED89002EA3EA /* Managers */ = {
			isa = PBXGroup;
			children = (
				E06FF0C721C3EEDE002EA3EA /* DataManager */,
				F082660E21BF1AE3007E6875 /* LeaderBoardManager.swift */,
				F0174FAC21B9BC58009D1908 /* CloudsManager.swift */,
				F06C12C821B70CD80061C4E4 /* SoundManager.swift */,
				F0174FAE21B9EF21009D1908 /* AnimalWavesManager.swift */,
				E06FF0CA21C3EFB8002EA3EA /* FeatureToggleManager.swift */,
			);
			path = Managers;
			sourceTree = "<group>";
		};
		E06FF0C321C3EDF3002EA3EA /* Animal */ = {
			isa = PBXGroup;
			children = (
				F06C125021B6598D0061C4E4 /* Animal.swift */,
				F06C124C21B5CF170061C4E4 /* AnimalPig.swift */,
				F06C124E21B5EAB30061C4E4 /* AnimalCow.swift */,
				F0174FA821B7A5B1009D1908 /* AnimalMouse.swift */,
				F0174FAA21B7A5BF009D1908 /* AnimalCat.swift */,
			);
			path = Animal;
			sourceTree = "<group>";
		};
		E06FF0C421C3EE1A002EA3EA /* Resourses */ = {
			isa = PBXGroup;
			children = (
				7885630921987180002D47FE /* LaunchScreen.storyboard */,
				F0174F9721B71233009D1908 /* sounds */,
				7885630C21987180002D47FE /* Info.plist */,
				E06FF0C521C3EE29002EA3EA /* Assets.xcassets */,
				78856320219873DA002D47FE /* art.scnassets */,
				E06FF0CC21C3F01C002EA3EA /* FeatureToggles.plist */,
			);
			path = Resourses;
			sourceTree = "<group>";
		};
		E06FF0C621C3EE57002EA3EA /* Game */ = {
			isa = PBXGroup;
			children = (
				78BB1AE921B6D1FE0052C19F /* ARBullet.swift */,
				78BB1AEF21B6F5FB0052C19F /* Ghost.swift */,
				78BB1AE721B6BAC70052C19F /* HealthBar.swift */,
				E06FF0C321C3EDF3002EA3EA /* Animal */,
			);
			path = Game;
			sourceTree = "<group>";
		};
		E06FF0C721C3EEDE002EA3EA /* DataManager */ = {
			isa = PBXGroup;
			children = (
				E06FF0C821C3EEF8002EA3EA /* DataManagerProtocol.swift */,
				E06FF0CE21C3F051002EA3EA /* DataManager.swift */,
			);
			path = DataManager;
			sourceTree = "<group>";
		};
		E0DA940D21B7375E00CE21FC /* Common */ = {
			isa = PBXGroup;
			children = (
				78BB1AED21B6EA700052C19F /* SCNVector3Extension.swift */,
				78BB1AEB21B6D2350052C19F /* CollisionCategory.swift */,
				E0DA940E21B7376D00CE21FC /* UserDefaultsKeys.swift */,
			);
			path = Common;
			sourceTree = "<group>";
		};
		E0DA941021B7378300CE21FC /* Model */ = {
			isa = PBXGroup;
			children = (
				E06FF0C621C3EE57002EA3EA /* Game */,
				E0DA941121B7378300CE21FC /* GameResult.swift */,
				78BB1AE521B68E240052C19F /* GrassFloor.swift */,
				F0174FA221B72A25009D1908 /* DeathAction.swift */,
			);
			path = Model;
			sourceTree = "<group>";
		};
		E0DA941321B7378E00CE21FC /* View Controllers */ = {
			isa = PBXGroup;
			children = (
				788563022198717F002D47FE /* GameViewController.swift */,
				E0DA941421B7378E00CE21FC /* RulesViewController.swift */,
				E0DA941521B7378E00CE21FC /* Game Records */,
				E0DA941921B7378E00CE21FC /* GameOverViewController.swift */,
				E0DA941A21B7378E00CE21FC /* MenuViewController.swift */,
				E0DA941B21B7378E00CE21FC /* SettingsViewController.swift */,
				E054187121BEC39500BD7530 /* ChangeNameViewController.swift */,
				E054187321BEE7AA00BD7530 /* RateGameViewController.swift */,
			);
			path = "View Controllers";
			sourceTree = "<group>";
		};
		E0DA941521B7378E00CE21FC /* Game Records */ = {
			isa = PBXGroup;
			children = (
				E0DA941621B7378E00CE21FC /* GameRecordsViewController.swift */,
				E0DA941721B7378E00CE21FC /* GameRecordTableViewCell.swift */,
				E0DA941821B7378E00CE21FC /* GameRecordTableViewCell.xib */,
			);
			path = "Game Records";
			sourceTree = "<group>";
		};
		E0DA942321B7379200CE21FC /* Storyboards */ = {
			isa = PBXGroup;
			children = (
				788563042198717F002D47FE /* Main.storyboard */,
				E0DA942421B737B400CE21FC /* Menu.storyboard */,
				E06FF0D421C3F2E6002EA3EA /* About.storyboard */,
				E06FF0D221C3F2B1002EA3EA /* Records.storyboard */,
				E06FF0D021C3F26D002EA3EA /* ChangeName.storyboard */,
			);
			path = Storyboards;
			sourceTree = "<group>";
		};
		F0174F9721B71233009D1908 /* sounds */ = {
			isa = PBXGroup;
			children = (
				F0174F9821B71233009D1908 /* background.mp3 */,
				F0174F9E21B71F9D009D1908 /* backgorund_music.mp3 */,
				F0174F9C21B7164E009D1908 /* animalHit.mp3 */,
				F0174FA021B725B1009D1908 /* shoot.wav */,
				F0174FA421B74922009D1908 /* cowDead.wav */,
				F0174FA521B74922009D1908 /* pigDead.wav */,
			);
			path = sounds;
			sourceTree = "<group>";
		};
/* End PBXGroup section */

/* Begin PBXNativeTarget section */
		788562FA2198717F002D47FE /* HitTheTree */ = {
			isa = PBXNativeTarget;
			buildConfigurationList = 7885631A21987181002D47FE /* Build configuration list for PBXNativeTarget "HitTheTree" */;
			buildPhases = (
				6DF099847E9A70FBFD15484A /* [CP] Check Pods Manifest.lock */,
				788562F72198717F002D47FE /* Sources */,
				788562F82198717F002D47FE /* Frameworks */,
				788562F92198717F002D47FE /* Resources */,
				4D3723D68CA3F556AD9C44E6 /* [CP] Embed Pods Frameworks */,
			);
			buildRules = (
			);
			dependencies = (
			);
			name = HitTheTree;
			productName = HitTheTree;
			productReference = 788562FB2198717F002D47FE /* HitTheTree.app */;
			productType = "com.apple.product-type.application";
		};
		7885631021987181002D47FE /* HitTheTreeTests */ = {
			isa = PBXNativeTarget;
			buildConfigurationList = 7885631D21987181002D47FE /* Build configuration list for PBXNativeTarget "HitTheTreeTests" */;
			buildPhases = (
				7885630D21987181002D47FE /* Sources */,
				7885630E21987181002D47FE /* Frameworks */,
				7885630F21987181002D47FE /* Resources */,
			);
			buildRules = (
			);
			dependencies = (
				7885631321987181002D47FE /* PBXTargetDependency */,
			);
			name = HitTheTreeTests;
			productName = HitTheTreeTests;
			productReference = 7885631121987181002D47FE /* HitTheTreeTests.xctest */;
			productType = "com.apple.product-type.bundle.unit-test";
		};
/* End PBXNativeTarget section */

/* Begin PBXProject section */
		788562F32198717F002D47FE /* Project object */ = {
			isa = PBXProject;
			attributes = {
				LastSwiftUpdateCheck = 1000;
				LastUpgradeCheck = 1000;
				ORGANIZATIONNAME = "Marat Khuzhayarov";
				TargetAttributes = {
					788562FA2198717F002D47FE = {
						CreatedOnToolsVersion = 10.0;
					};
					7885631021987181002D47FE = {
						CreatedOnToolsVersion = 10.0;
						TestTargetID = 788562FA2198717F002D47FE;
					};
				};
			};
			buildConfigurationList = 788562F62198717F002D47FE /* Build configuration list for PBXProject "HitTheTree" */;
			compatibilityVersion = "Xcode 9.3";
			developmentRegion = en;
			hasScannedForEncodings = 0;
			knownRegions = (
				en,
				Base,
			);
			mainGroup = 788562F22198717F002D47FE;
			productRefGroup = 788562FC2198717F002D47FE /* Products */;
			projectDirPath = "";
			projectRoot = "";
			targets = (
				788562FA2198717F002D47FE /* HitTheTree */,
				7885631021987181002D47FE /* HitTheTreeTests */,
			);
		};
/* End PBXProject section */

/* Begin PBXResourcesBuildPhase section */
		788562F92198717F002D47FE /* Resources */ = {
			isa = PBXResourcesBuildPhase;
			buildActionMask = 2147483647;
			files = (
				E0DA941F21B7378E00CE21FC /* GameRecordTableViewCell.xib in Resources */,
				7885630B21987180002D47FE /* LaunchScreen.storyboard in Resources */,
				F0174F9A21B71233009D1908 /* background.mp3 in Resources */,
				F0174FA121B725B1009D1908 /* shoot.wav in Resources */,
				E06FF0D121C3F26D002EA3EA /* ChangeName.storyboard in Resources */,
				F0174FA621B74922009D1908 /* cowDead.wav in Resources */,
				F0174F9F21B71F9D009D1908 /* backgorund_music.mp3 in Resources */,
				E0DA942521B737B400CE21FC /* Menu.storyboard in Resources */,
				78856321219873DA002D47FE /* art.scnassets in Resources */,
				E06FF0D321C3F2B1002EA3EA /* Records.storyboard in Resources */,
				788563062198717F002D47FE /* Main.storyboard in Resources */,
				E06FF0D521C3F2E6002EA3EA /* About.storyboard in Resources */,
				F0174F9D21B7164E009D1908 /* animalHit.mp3 in Resources */,
				F0174FA721B74922009D1908 /* pigDead.wav in Resources */,
				E06FF0CD21C3F01C002EA3EA /* FeatureToggles.plist in Resources */,
			);
			runOnlyForDeploymentPostprocessing = 0;
		};
		7885630F21987181002D47FE /* Resources */ = {
			isa = PBXResourcesBuildPhase;
			buildActionMask = 2147483647;
			files = (
			);
			runOnlyForDeploymentPostprocessing = 0;
		};
/* End PBXResourcesBuildPhase section */

/* Begin PBXShellScriptBuildPhase section */
		4D3723D68CA3F556AD9C44E6 /* [CP] Embed Pods Frameworks */ = {
			isa = PBXShellScriptBuildPhase;
			buildActionMask = 2147483647;
			files = (
			);
			inputPaths = (
				"${SRCROOT}/Pods/Target Support Files/Pods-HitTheTree/Pods-HitTheTree-frameworks.sh",
				"${BUILT_PRODUCTS_DIR}/Bolts/Bolts.framework",
				"${BUILT_PRODUCTS_DIR}/Cosmos/Cosmos.framework",
				"${BUILT_PRODUCTS_DIR}/IQKeyboardManagerSwift/IQKeyboardManagerSwift.framework",
				"${BUILT_PRODUCTS_DIR}/Parse/Parse.framework",
			);
			name = "[CP] Embed Pods Frameworks";
			outputPaths = (
				"${TARGET_BUILD_DIR}/${FRAMEWORKS_FOLDER_PATH}/Bolts.framework",
				"${TARGET_BUILD_DIR}/${FRAMEWORKS_FOLDER_PATH}/Cosmos.framework",
				"${TARGET_BUILD_DIR}/${FRAMEWORKS_FOLDER_PATH}/IQKeyboardManagerSwift.framework",
				"${TARGET_BUILD_DIR}/${FRAMEWORKS_FOLDER_PATH}/Parse.framework",
			);
			runOnlyForDeploymentPostprocessing = 0;
			shellPath = /bin/sh;
			shellScript = "\"${SRCROOT}/Pods/Target Support Files/Pods-HitTheTree/Pods-HitTheTree-frameworks.sh\"\n";
			showEnvVarsInLog = 0;
		};
		6DF099847E9A70FBFD15484A /* [CP] Check Pods Manifest.lock */ = {
			isa = PBXShellScriptBuildPhase;
			buildActionMask = 2147483647;
			files = (
			);
			inputPaths = (
				"${PODS_PODFILE_DIR_PATH}/Podfile.lock",
				"${PODS_ROOT}/Manifest.lock",
			);
			name = "[CP] Check Pods Manifest.lock";
			outputPaths = (
				"$(DERIVED_FILE_DIR)/Pods-HitTheTree-checkManifestLockResult.txt",
			);
			runOnlyForDeploymentPostprocessing = 0;
			shellPath = /bin/sh;
			shellScript = "diff \"${PODS_PODFILE_DIR_PATH}/Podfile.lock\" \"${PODS_ROOT}/Manifest.lock\" > /dev/null\nif [ $? != 0 ] ; then\n    # print error to STDERR\n    echo \"error: The sandbox is not in sync with the Podfile.lock. Run 'pod install' or update your CocoaPods installation.\" >&2\n    exit 1\nfi\n# This output is used by Xcode 'outputs' to avoid re-running this script phase.\necho \"SUCCESS\" > \"${SCRIPT_OUTPUT_FILE_0}\"\n";
			showEnvVarsInLog = 0;
		};
/* End PBXShellScriptBuildPhase section */

/* Begin PBXSourcesBuildPhase section */
		788562F72198717F002D47FE /* Sources */ = {
			isa = PBXSourcesBuildPhase;
			buildActionMask = 2147483647;
			files = (
				783149D321CBE4FA00C3D254 /* Missle.swift in Sources */,
				783149CF21CBE4FA00C3D254 /* NewCloudsManager.swift in Sources */,
				78BB1AE821B6BAC70052C19F /* HealthBar.swift in Sources */,
				F06C124D21B5CF170061C4E4 /* AnimalPig.swift in Sources */,
				F0174FAF21B9EF21009D1908 /* AnimalWavesManager.swift in Sources */,
				E0DA942221B7378E00CE21FC /* SettingsViewController.swift in Sources */,
				F0174FAD21B9BC58009D1908 /* CloudsManager.swift in Sources */,
				E0DA942021B7378E00CE21FC /* GameOverViewController.swift in Sources */,
				783149D421CBE4FA00C3D254 /* MainScene.swift in Sources */,
				F06C124F21B5EAB30061C4E4 /* AnimalCow.swift in Sources */,
				788563032198717F002D47FE /* GameViewController.swift in Sources */,
				E054187421BEE7AA00BD7530 /* RateGameViewController.swift in Sources */,
				E0DA941D21B7378E00CE21FC /* GameRecordsViewController.swift in Sources */,
				783149D021CBE4FA00C3D254 /* RockManager.swift in Sources */,
				E06FF0CB21C3EFB8002EA3EA /* FeatureToggleManager.swift in Sources */,
				78BB1AF021B6F5FB0052C19F /* Ghost.swift in Sources */,
				F06C12C921B70CD80061C4E4 /* SoundManager.swift in Sources */,
				E06FF0C921C3EEF8002EA3EA /* DataManagerProtocol.swift in Sources */,
				78BB1AEA21B6D1FE0052C19F /* ARBullet.swift in Sources */,
				783149D221CBE4FA00C3D254 /* NewGameController.swift in Sources */,
				E0DA941E21B7378E00CE21FC /* GameRecordTableViewCell.swift in Sources */,
				78BB1AEE21B6EA700052C19F /* SCNVector3Extension.swift in Sources */,
				E06FF0CF21C3F051002EA3EA /* DataManager.swift in Sources */,
				E0DA942121B7378E00CE21FC /* MenuViewController.swift in Sources */,
				783149D121CBE4FA00C3D254 /* TreesManager.swift in Sources */,
				E054187221BEC39500BD7530 /* ChangeNameViewController.swift in Sources */,
				E0DA940F21B7376D00CE21FC /* UserDefaultsKeys.swift in Sources */,
				F0174FA321B72A25009D1908 /* DeathAction.swift in Sources */,
				78BB1AE621B68E240052C19F /* GrassFloor.swift in Sources */,
				788562FF2198717F002D47FE /* AppDelegate.swift in Sources */,
				F0174FAB21B7A5BF009D1908 /* AnimalCat.swift in Sources */,
				F06C125121B6598D0061C4E4 /* Animal.swift in Sources */,
				F082660F21BF1AE3007E6875 /* LeaderBoardManager.swift in Sources */,
				78BB1AEC21B6D2360052C19F /* CollisionCategory.swift in Sources */,
				F0174FA921B7A5B1009D1908 /* AnimalMouse.swift in Sources */,
				E0DA941C21B7378E00CE21FC /* RulesViewController.swift in Sources */,
				E0DA941221B7378300CE21FC /* GameResult.swift in Sources */,
			);
			runOnlyForDeploymentPostprocessing = 0;
		};
		7885630D21987181002D47FE /* Sources */ = {
			isa = PBXSourcesBuildPhase;
			buildActionMask = 2147483647;
			files = (
				7885631621987181002D47FE /* HitTheTreeTests.swift in Sources */,
			);
			runOnlyForDeploymentPostprocessing = 0;
		};
/* End PBXSourcesBuildPhase section */

/* Begin PBXTargetDependency section */
		7885631321987181002D47FE /* PBXTargetDependency */ = {
			isa = PBXTargetDependency;
			target = 788562FA2198717F002D47FE /* HitTheTree */;
			targetProxy = 7885631221987181002D47FE /* PBXContainerItemProxy */;
		};
/* End PBXTargetDependency section */

/* Begin PBXVariantGroup section */
		788563042198717F002D47FE /* Main.storyboard */ = {
			isa = PBXVariantGroup;
			children = (
				788563052198717F002D47FE /* Base */,
			);
			name = Main.storyboard;
			sourceTree = "<group>";
		};
		7885630921987180002D47FE /* LaunchScreen.storyboard */ = {
			isa = PBXVariantGroup;
			children = (
				7885630A21987180002D47FE /* Base */,
			);
			name = LaunchScreen.storyboard;
			sourceTree = "<group>";
		};
/* End PBXVariantGroup section */

/* Begin XCBuildConfiguration section */
		7885631821987181002D47FE /* Debug */ = {
			isa = XCBuildConfiguration;
			buildSettings = {
				ALWAYS_SEARCH_USER_PATHS = NO;
				CLANG_ANALYZER_NONNULL = YES;
				CLANG_ANALYZER_NUMBER_OBJECT_CONVERSION = YES_AGGRESSIVE;
				CLANG_CXX_LANGUAGE_STANDARD = "gnu++14";
				CLANG_CXX_LIBRARY = "libc++";
				CLANG_ENABLE_MODULES = YES;
				CLANG_ENABLE_OBJC_ARC = YES;
				CLANG_ENABLE_OBJC_WEAK = YES;
				CLANG_WARN_BLOCK_CAPTURE_AUTORELEASING = YES;
				CLANG_WARN_BOOL_CONVERSION = YES;
				CLANG_WARN_COMMA = YES;
				CLANG_WARN_CONSTANT_CONVERSION = YES;
				CLANG_WARN_DEPRECATED_OBJC_IMPLEMENTATIONS = YES;
				CLANG_WARN_DIRECT_OBJC_ISA_USAGE = YES_ERROR;
				CLANG_WARN_DOCUMENTATION_COMMENTS = YES;
				CLANG_WARN_EMPTY_BODY = YES;
				CLANG_WARN_ENUM_CONVERSION = YES;
				CLANG_WARN_INFINITE_RECURSION = YES;
				CLANG_WARN_INT_CONVERSION = YES;
				CLANG_WARN_NON_LITERAL_NULL_CONVERSION = YES;
				CLANG_WARN_OBJC_IMPLICIT_RETAIN_SELF = YES;
				CLANG_WARN_OBJC_LITERAL_CONVERSION = YES;
				CLANG_WARN_OBJC_ROOT_CLASS = YES_ERROR;
				CLANG_WARN_RANGE_LOOP_ANALYSIS = YES;
				CLANG_WARN_STRICT_PROTOTYPES = YES;
				CLANG_WARN_SUSPICIOUS_MOVE = YES;
				CLANG_WARN_UNGUARDED_AVAILABILITY = YES_AGGRESSIVE;
				CLANG_WARN_UNREACHABLE_CODE = YES;
				CLANG_WARN__DUPLICATE_METHOD_MATCH = YES;
				CODE_SIGN_IDENTITY = "iPhone Developer";
				COPY_PHASE_STRIP = NO;
				DEBUG_INFORMATION_FORMAT = dwarf;
				ENABLE_STRICT_OBJC_MSGSEND = YES;
				ENABLE_TESTABILITY = YES;
				GCC_C_LANGUAGE_STANDARD = gnu11;
				GCC_DYNAMIC_NO_PIC = NO;
				GCC_NO_COMMON_BLOCKS = YES;
				GCC_OPTIMIZATION_LEVEL = 0;
				GCC_PREPROCESSOR_DEFINITIONS = (
					"DEBUG=1",
					"$(inherited)",
				);
				GCC_WARN_64_TO_32_BIT_CONVERSION = YES;
				GCC_WARN_ABOUT_RETURN_TYPE = YES_ERROR;
				GCC_WARN_UNDECLARED_SELECTOR = YES;
				GCC_WARN_UNINITIALIZED_AUTOS = YES_AGGRESSIVE;
				GCC_WARN_UNUSED_FUNCTION = YES;
				GCC_WARN_UNUSED_VARIABLE = YES;
				IPHONEOS_DEPLOYMENT_TARGET = 12.0;
				MTL_ENABLE_DEBUG_INFO = INCLUDE_SOURCE;
				MTL_FAST_MATH = YES;
				ONLY_ACTIVE_ARCH = YES;
				SDKROOT = iphoneos;
				SWIFT_ACTIVE_COMPILATION_CONDITIONS = DEBUG;
				SWIFT_OPTIMIZATION_LEVEL = "-Onone";
			};
			name = Debug;
		};
		7885631921987181002D47FE /* Release */ = {
			isa = XCBuildConfiguration;
			buildSettings = {
				ALWAYS_SEARCH_USER_PATHS = NO;
				CLANG_ANALYZER_NONNULL = YES;
				CLANG_ANALYZER_NUMBER_OBJECT_CONVERSION = YES_AGGRESSIVE;
				CLANG_CXX_LANGUAGE_STANDARD = "gnu++14";
				CLANG_CXX_LIBRARY = "libc++";
				CLANG_ENABLE_MODULES = YES;
				CLANG_ENABLE_OBJC_ARC = YES;
				CLANG_ENABLE_OBJC_WEAK = YES;
				CLANG_WARN_BLOCK_CAPTURE_AUTORELEASING = YES;
				CLANG_WARN_BOOL_CONVERSION = YES;
				CLANG_WARN_COMMA = YES;
				CLANG_WARN_CONSTANT_CONVERSION = YES;
				CLANG_WARN_DEPRECATED_OBJC_IMPLEMENTATIONS = YES;
				CLANG_WARN_DIRECT_OBJC_ISA_USAGE = YES_ERROR;
				CLANG_WARN_DOCUMENTATION_COMMENTS = YES;
				CLANG_WARN_EMPTY_BODY = YES;
				CLANG_WARN_ENUM_CONVERSION = YES;
				CLANG_WARN_INFINITE_RECURSION = YES;
				CLANG_WARN_INT_CONVERSION = YES;
				CLANG_WARN_NON_LITERAL_NULL_CONVERSION = YES;
				CLANG_WARN_OBJC_IMPLICIT_RETAIN_SELF = YES;
				CLANG_WARN_OBJC_LITERAL_CONVERSION = YES;
				CLANG_WARN_OBJC_ROOT_CLASS = YES_ERROR;
				CLANG_WARN_RANGE_LOOP_ANALYSIS = YES;
				CLANG_WARN_STRICT_PROTOTYPES = YES;
				CLANG_WARN_SUSPICIOUS_MOVE = YES;
				CLANG_WARN_UNGUARDED_AVAILABILITY = YES_AGGRESSIVE;
				CLANG_WARN_UNREACHABLE_CODE = YES;
				CLANG_WARN__DUPLICATE_METHOD_MATCH = YES;
				CODE_SIGN_IDENTITY = "iPhone Developer";
				COPY_PHASE_STRIP = NO;
				DEBUG_INFORMATION_FORMAT = "dwarf-with-dsym";
				ENABLE_NS_ASSERTIONS = NO;
				ENABLE_STRICT_OBJC_MSGSEND = YES;
				GCC_C_LANGUAGE_STANDARD = gnu11;
				GCC_NO_COMMON_BLOCKS = YES;
				GCC_WARN_64_TO_32_BIT_CONVERSION = YES;
				GCC_WARN_ABOUT_RETURN_TYPE = YES_ERROR;
				GCC_WARN_UNDECLARED_SELECTOR = YES;
				GCC_WARN_UNINITIALIZED_AUTOS = YES_AGGRESSIVE;
				GCC_WARN_UNUSED_FUNCTION = YES;
				GCC_WARN_UNUSED_VARIABLE = YES;
				IPHONEOS_DEPLOYMENT_TARGET = 12.0;
				MTL_ENABLE_DEBUG_INFO = NO;
				MTL_FAST_MATH = YES;
				SDKROOT = iphoneos;
				SWIFT_COMPILATION_MODE = wholemodule;
				SWIFT_OPTIMIZATION_LEVEL = "-O";
				VALIDATE_PRODUCT = YES;
			};
			name = Release;
		};
		7885631B21987181002D47FE /* Debug */ = {
			isa = XCBuildConfiguration;
			baseConfigurationReference = A3EF9B02FA1E35611979E79F /* Pods-HitTheTree.debug.xcconfig */;
			buildSettings = {
				ASSETCATALOG_COMPILER_APPICON_NAME = AppIcon;
				CODE_SIGN_STYLE = Automatic;
				DEVELOPMENT_TEAM = 6T42T57GF6;
				INFOPLIST_FILE = HitTheTree/Info.plist;
				LD_RUNPATH_SEARCH_PATHS = "$(inherited) @executable_path/Frameworks";
				PRODUCT_BUNDLE_IDENTIFIER = ru.eeshishko.FarmInvasion;
				PRODUCT_NAME = "$(TARGET_NAME)";
				SWIFT_VERSION = 4.2;
				TARGETED_DEVICE_FAMILY = "1,2";
			};
			name = Debug;
		};
		7885631C21987181002D47FE /* Release */ = {
			isa = XCBuildConfiguration;
			baseConfigurationReference = F3B4D26127C328619FEA3DD0 /* Pods-HitTheTree.release.xcconfig */;
			buildSettings = {
				ASSETCATALOG_COMPILER_APPICON_NAME = AppIcon;
				CODE_SIGN_STYLE = Automatic;
				DEVELOPMENT_TEAM = 6T42T57GF6;
				INFOPLIST_FILE = HitTheTree/Info.plist;
				LD_RUNPATH_SEARCH_PATHS = "$(inherited) @executable_path/Frameworks";
				PRODUCT_BUNDLE_IDENTIFIER = ru.eeshishko.FarmInvasion;
				PRODUCT_NAME = "$(TARGET_NAME)";
				SWIFT_VERSION = 4.2;
				TARGETED_DEVICE_FAMILY = "1,2";
			};
			name = Release;
		};
		7885631E21987181002D47FE /* Debug */ = {
			isa = XCBuildConfiguration;
			buildSettings = {
				ALWAYS_EMBED_SWIFT_STANDARD_LIBRARIES = YES;
				BUNDLE_LOADER = "$(TEST_HOST)";
				CODE_SIGN_STYLE = Automatic;
				DEVELOPMENT_TEAM = B5MHTW4TA8;
				INFOPLIST_FILE = HitTheTreeTests/Info.plist;
				LD_RUNPATH_SEARCH_PATHS = "$(inherited) @executable_path/Frameworks @loader_path/Frameworks";
				PRODUCT_BUNDLE_IDENTIFIER = SberTech.HitTheTreeTests;
				PRODUCT_NAME = "$(TARGET_NAME)";
				SWIFT_VERSION = 4.2;
				TARGETED_DEVICE_FAMILY = "1,2";
				TEST_HOST = "$(BUILT_PRODUCTS_DIR)/HitTheTree.app/HitTheTree";
			};
			name = Debug;
		};
		7885631F21987181002D47FE /* Release */ = {
			isa = XCBuildConfiguration;
			buildSettings = {
				ALWAYS_EMBED_SWIFT_STANDARD_LIBRARIES = YES;
				BUNDLE_LOADER = "$(TEST_HOST)";
				CODE_SIGN_STYLE = Automatic;
				DEVELOPMENT_TEAM = B5MHTW4TA8;
				INFOPLIST_FILE = HitTheTreeTests/Info.plist;
				LD_RUNPATH_SEARCH_PATHS = "$(inherited) @executable_path/Frameworks @loader_path/Frameworks";
				PRODUCT_BUNDLE_IDENTIFIER = SberTech.HitTheTreeTests;
				PRODUCT_NAME = "$(TARGET_NAME)";
				SWIFT_VERSION = 4.2;
				TARGETED_DEVICE_FAMILY = "1,2";
				TEST_HOST = "$(BUILT_PRODUCTS_DIR)/HitTheTree.app/HitTheTree";
			};
			name = Release;
		};
/* End XCBuildConfiguration section */

/* Begin XCConfigurationList section */
		788562F62198717F002D47FE /* Build configuration list for PBXProject "HitTheTree" */ = {
			isa = XCConfigurationList;
			buildConfigurations = (
				7885631821987181002D47FE /* Debug */,
				7885631921987181002D47FE /* Release */,
			);
			defaultConfigurationIsVisible = 0;
			defaultConfigurationName = Release;
		};
		7885631A21987181002D47FE /* Build configuration list for PBXNativeTarget "HitTheTree" */ = {
			isa = XCConfigurationList;
			buildConfigurations = (
				7885631B21987181002D47FE /* Debug */,
				7885631C21987181002D47FE /* Release */,
			);
			defaultConfigurationIsVisible = 0;
			defaultConfigurationName = Release;
		};
		7885631D21987181002D47FE /* Build configuration list for PBXNativeTarget "HitTheTreeTests" */ = {
			isa = XCConfigurationList;
			buildConfigurations = (
				7885631E21987181002D47FE /* Debug */,
				7885631F21987181002D47FE /* Release */,
			);
			defaultConfigurationIsVisible = 0;
			defaultConfigurationName = Release;
		};
/* End XCConfigurationList section */
	};
	rootObject = 788562F32198717F002D47FE /* Project object */;
}
